
Microsoft Visual Studio Solution File, Format Version 12.00
# Visual Studio Version 17
VisualStudioVersion = 17.4.33403.182
MinimumVisualStudioVersion = 10.0.40219.1
Project("{FAE04EC0-301F-11D3-BF4B-00C04F79EFBC}") = "WindowsForms", "WindowsForms\WindowsForms.csproj", "{4591943B-5FBA-4940-B275-B9309281DD8D}"
EndProject
Global
	GlobalSection(SolutionConfigurationPlatforms) = preSolution
		Debug|Any CPU = Debug|Any CPU
		Release|Any CPU = Release|Any CPU
	EndGlobalSection
	GlobalSection(ProjectConfigurationPlatforms) = postSolution
		{4591943B-5FBA-4940-B275-B9309281DD8D}.Debug|Any CPU.ActiveCfg = Debug|Any CPU
		{4591943B-5FBA-4940-B275-B9309281DD8D}.Debug|Any CPU.Build.0 = Debug|Any CPU
		{4591943B-5FBA-4940-B275-B9309281DD8D}.Release|Any CPU.ActiveCfg = Release|Any CPU
		{4591943B-5FBA-4940-B275-B9309281DD8D}.Release|Any CPU.Build.0 = Release|Any CPU
	EndGlobalSection
	GlobalSection(SolutionProperties) = preSolution
		HideSolutionNode = FALSE
	EndGlobalSection
	GlobalSection(ExtensibilityGlobals) = postSolution
		SolutionGuid = {DE208012-2847-43B5-823B-E76C35257CA4}
	EndGlobalSection
EndGlobal
